
Microsoft Visual Studio Solution File, Format Version 12.00
# Visual Studio 15
VisualStudioVersion = 15.0.28307.421
MinimumVisualStudioVersion = 10.0.40219.1
Project("{FAE04EC0-301F-11D3-BF4B-00C04F79EFBC}") = "profile-service-api", "profile-service-api\profile-service-api.csproj", "{6EFA022D-DC81-4333-9052-A5805E27E753}"
EndProject
Global
	GlobalSection(SolutionConfigurationPlatforms) = preSolution
		Debug|Any CPU = Debug|Any CPU
		Release|Any CPU = Release|Any CPU
	EndGlobalSection
	GlobalSection(ProjectConfigurationPlatforms) = postSolution
		{6EFA022D-DC81-4333-9052-A5805E27E753}.Debug|Any CPU.ActiveCfg = Debug|Any CPU
		{6EFA022D-DC81-4333-9052-A5805E27E753}.Debug|Any CPU.Build.0 = Debug|Any CPU
		{6EFA022D-DC81-4333-9052-A5805E27E753}.Release|Any CPU.ActiveCfg = Release|Any CPU
		{6EFA022D-DC81-4333-9052-A5805E27E753}.Release|Any CPU.Build.0 = Release|Any CPU
	EndGlobalSection
	GlobalSection(SolutionProperties) = preSolution
		HideSolutionNode = FALSE
	EndGlobalSection
	GlobalSection(ExtensibilityGlobals) = postSolution
		SolutionGuid = {EE7BBB52-50F5-4047-9A73-D8B72E9C4953}
	EndGlobalSection
EndGlobal
